// !$*UTF8*$!
{
	archiveVersion = 1;
	classes = {
	};
	objectVersion = 50;
	objects = {

/* Begin PBXBuildFile section */
		0578183A243F4B1E00AA5475 /* AppDelegate.swift in Sources */ = {isa = PBXBuildFile; fileRef = 05781839243F4B1E00AA5475 /* AppDelegate.swift */; };
		0578183C243F4B1E00AA5475 /* SceneDelegate.swift in Sources */ = {isa = PBXBuildFile; fileRef = 0578183B243F4B1E00AA5475 /* SceneDelegate.swift */; };
		0578183E243F4B1E00AA5475 /* FirstViewController.swift in Sources */ = {isa = PBXBuildFile; fileRef = 0578183D243F4B1E00AA5475 /* FirstViewController.swift */; };
		05781841243F4B1E00AA5475 /* Main.storyboard in Resources */ = {isa = PBXBuildFile; fileRef = 0578183F243F4B1E00AA5475 /* Main.storyboard */; };
		05781844243F4B1E00AA5475 /* DelegateExample.xcdatamodeld in Sources */ = {isa = PBXBuildFile; fileRef = 05781842243F4B1E00AA5475 /* DelegateExample.xcdatamodeld */; };
		05781846243F4B1F00AA5475 /* Assets.xcassets in Resources */ = {isa = PBXBuildFile; fileRef = 05781845243F4B1F00AA5475 /* Assets.xcassets */; };
		05781849243F4B1F00AA5475 /* LaunchScreen.storyboard in Resources */ = {isa = PBXBuildFile; fileRef = 05781847243F4B1F00AA5475 /* LaunchScreen.storyboard */; };
		05E78B9A243F7E5A00291947 /* ProcessorViewController.swift in Sources */ = {isa = PBXBuildFile; fileRef = 05E78B99243F7E5A00291947 /* ProcessorViewController.swift */; };
/* End PBXBuildFile section */

/* Begin PBXFileReference section */
		05781836243F4B1E00AA5475 /* DelegateExample.app */ = {isa = PBXFileReference; explicitFileType = wrapper.application; includeInIndex = 0; path = DelegateExample.app; sourceTree = BUILT_PRODUCTS_DIR; };
		05781839243F4B1E00AA5475 /* AppDelegate.swift */ = {isa = PBXFileReference; lastKnownFileType = sourcecode.swift; path = AppDelegate.swift; sourceTree = "<group>"; };
		0578183B243F4B1E00AA5475 /* SceneDelegate.swift */ = {isa = PBXFileReference; lastKnownFileType = sourcecode.swift; path = SceneDelegate.swift; sourceTree = "<group>"; };
		0578183D243F4B1E00AA5475 /* FirstViewController.swift */ = {isa = PBXFileReference; lastKnownFileType = sourcecode.swift; path = FirstViewController.swift; sourceTree = "<group>"; };
		05781840243F4B1E00AA5475 /* Base */ = {isa = PBXFileReference; lastKnownFileType = file.storyboard; name = Base; path = Base.lproj/Main.storyboard; sourceTree = "<group>"; };
		05781843243F4B1E00AA5475 /* DelegateExample.xcdatamodel */ = {isa = PBXFileReference; lastKnownFileType = wrapper.xcdatamodel; path = DelegateExample.xcdatamodel; sourceTree = "<group>"; };
		05781845243F4B1F00AA5475 /* Assets.xcassets */ = {isa = PBXFileReference; lastKnownFileType = folder.assetcatalog; path = Assets.xcassets; sourceTree = "<group>"; };
		05781848243F4B1F00AA5475 /* Base */ = {isa = PBXFileReference; lastKnownFileType = file.storyboard; name = Base; path = Base.lproj/LaunchScreen.storyboard; sourceTree = "<group>"; };
		0578184A243F4B1F00AA5475 /* Info.plist */ = {isa = PBXFileReference; lastKnownFileType = text.plist.xml; path = Info.plist; sourceTree = "<group>"; };
		05E78B99243F7E5A00291947 /* ProcessorViewController.swift */ = {isa = PBXFileReference; lastKnownFileType = sourcecode.swift; path = ProcessorViewController.swift; sourceTree = "<group>"; };
/* End PBXFileReference section */

/* Begin PBXFrameworksBuildPhase section */
		05781833243F4B1E00AA5475 /* Frameworks */ = {
			isa = PBXFrameworksBuildPhase;
			buildActionMask = 2147483647;
			files = (
			);
			runOnlyForDeploymentPostprocessing = 0;
		};
/* End PBXFrameworksBuildPhase section */

/* Begin PBXGroup section */
		0578182D243F4B1E00AA5475 = {
			isa = PBXGroup;
			children = (
				05781838243F4B1E00AA5475 /* DelegateExample */,
				05781837243F4B1E00AA5475 /* Products */,
			);
			sourceTree = "<group>";
		};
		05781837243F4B1E00AA5475 /* Products */ = {
			isa = PBXGroup;
			children = (
				05781836243F4B1E00AA5475 /* DelegateExample.app */,
			);
			name = Products;
			sourceTree = "<group>";
		};
		05781838243F4B1E00AA5475 /* DelegateExample */ = {
			isa = PBXGroup;
			children = (
				05781839243F4B1E00AA5475 /* AppDelegate.swift */,
				0578183B243F4B1E00AA5475 /* SceneDelegate.swift */,
				05ECFD39243F722C00F3A994 /* Control */,
				05ECFD3A243F723700F3A994 /* View */,
				05781845243F4B1F00AA5475 /* Assets.xcassets */,
				05781847243F4B1F00AA5475 /* LaunchScreen.storyboard */,
				0578184A243F4B1F00AA5475 /* Info.plist */,
				05781842243F4B1E00AA5475 /* DelegateExample.xcdatamodeld */,
			);
			path = DelegateExample;
			sourceTree = "<group>";
		};
		05ECFD39243F722C00F3A994 /* Control */ = {
			isa = PBXGroup;
			children = (
				0578183D243F4B1E00AA5475 /* FirstViewController.swift */,
				05E78B99243F7E5A00291947 /* ProcessorViewController.swift */,
			);
			path = Control;
			sourceTree = "<group>";
		};
		05ECFD3A243F723700F3A994 /* View */ = {
			isa = PBXGroup;
			children = (
				0578183F243F4B1E00AA5475 /* Main.storyboard */,
			);
			path = View;
			sourceTree = "<group>";
		};
/* End PBXGroup section */

/* Begin PBXNativeTarget section */
		05781835243F4B1E00AA5475 /* DelegateExample */ = {
			isa = PBXNativeTarget;
			buildConfigurationList = 0578184D243F4B1F00AA5475 /* Build configuration list for PBXNativeTarget "DelegateExample" */;
			buildPhases = (
				05781832243F4B1E00AA5475 /* Sources */,
				05781833243F4B1E00AA5475 /* Frameworks */,
				05781834243F4B1E00AA5475 /* Resources */,
			);
			buildRules = (
			);
			dependencies = (
			);
			name = DelegateExample;
			productName = DelegateExample;
			productReference = 05781836243F4B1E00AA5475 /* DelegateExample.app */;
			productType = "com.apple.product-type.application";
		};
/* End PBXNativeTarget section */

/* Begin PBXProject section */
		0578182E243F4B1E00AA5475 /* Project object */ = {
			isa = PBXProject;
			attributes = {
				LastSwiftUpdateCheck = 1140;
				LastUpgradeCheck = 1140;
				ORGANIZATIONNAME = "Tymon Golęba Frygies";
				TargetAttributes = {
					05781835243F4B1E00AA5475 = {
						CreatedOnToolsVersion = 11.4;
					};
				};
			};
			buildConfigurationList = 05781831243F4B1E00AA5475 /* Build configuration list for PBXProject "DelegateExample" */;
			compatibilityVersion = "Xcode 9.3";
			developmentRegion = en;
			hasScannedForEncodings = 0;
			knownRegions = (
				en,
				Base,
			);
			mainGroup = 0578182D243F4B1E00AA5475;
			productRefGroup = 05781837243F4B1E00AA5475 /* Products */;
			projectDirPath = "";
			projectRoot = "";
			targets = (
				05781835243F4B1E00AA5475 /* DelegateExample */,
			);
		};
/* End PBXProject section */

/* Begin PBXResourcesBuildPhase section */
		05781834243F4B1E00AA5475 /* Resources */ = {
			isa = PBXResourcesBuildPhase;
			buildActionMask = 2147483647;
			files = (
				05781849243F4B1F00AA5475 /* LaunchScreen.storyboard in Resources */,
				05781846243F4B1F00AA5475 /* Assets.xcassets in Resources */,
				05781841243F4B1E00AA5475 /* Main.storyboard in Resources */,
			);
			runOnlyForDeploymentPostprocessing = 0;
		};
/* End PBXResourcesBuildPhase section */

/* Begin PBXSourcesBuildPhase section */
		05781832243F4B1E00AA5475 /* Sources */ = {
			isa = PBXSourcesBuildPhase;
			buildActionMask = 2147483647;
			files = (
				0578183E243F4B1E00AA5475 /* FirstViewController.swift in Sources */,
				0578183A243F4B1E00AA5475 /* AppDelegate.swift in Sources */,
				05E78B9A243F7E5A00291947 /* ProcessorViewController.swift in Sources */,
				0578183C243F4B1E00AA5475 /* SceneDelegate.swift in Sources */,
				05781844243F4B1E00AA5475 /* DelegateExample.xcdatamodeld in Sources */,
			);
			runOnlyForDeploymentPostprocessing = 0;
		};
/* End PBXSourcesBuildPhase section */

/* Begin PBXVariantGroup section */
		0578183F243F4B1E00AA5475 /* Main.storyboard */ = {
			isa = PBXVariantGroup;
			children = (
				05781840243F4B1E00AA5475 /* Base */,
			);
			name = Main.storyboard;
			sourceTree = "<group>";
		};
		05781847243F4B1F00AA5475 /* LaunchScreen.storyboard */ = {
			isa = PBXVariantGroup;
			children = (
				05781848243F4B1F00AA5475 /* Base */,
			);
			name = LaunchScreen.storyboard;
			sourceTree = "<group>";
		};
/* End PBXVariantGroup section */

/* Begin XCBuildConfiguration section */
		0578184B243F4B1F00AA5475 /* Debug */ = {
			isa = XCBuildConfiguration;
			buildSettings = {
				ALWAYS_SEARCH_USER_PATHS = NO;
				CLANG_ANALYZER_NONNULL = YES;
				CLANG_ANALYZER_NUMBER_OBJECT_CONVERSION = YES_AGGRESSIVE;
				CLANG_CXX_LANGUAGE_STANDARD = "gnu++14";
				CLANG_CXX_LIBRARY = "libc++";
				CLANG_ENABLE_MODULES = YES;
				CLANG_ENABLE_OBJC_ARC = YES;
				CLANG_ENABLE_OBJC_WEAK = YES;
				CLANG_WARN_BLOCK_CAPTURE_AUTORELEASING = YES;
				CLANG_WARN_BOOL_CONVERSION = YES;
				CLANG_WARN_COMMA = YES;
				CLANG_WARN_CONSTANT_CONVERSION = YES;
				CLANG_WARN_DEPRECATED_OBJC_IMPLEMENTATIONS = YES;
				CLANG_WARN_DIRECT_OBJC_ISA_USAGE = YES_ERROR;
				CLANG_WARN_DOCUMENTATION_COMMENTS = YES;
				CLANG_WARN_EMPTY_BODY = YES;
				CLANG_WARN_ENUM_CONVERSION = YES;
				CLANG_WARN_INFINITE_RECURSION = YES;
				CLANG_WARN_INT_CONVERSION = YES;
				CLANG_WARN_NON_LITERAL_NULL_CONVERSION = YES;
				CLANG_WARN_OBJC_IMPLICIT_RETAIN_SELF = YES;
				CLANG_WARN_OBJC_LITERAL_CONVERSION = YES;
				CLANG_WARN_OBJC_ROOT_CLASS = YES_ERROR;
				CLANG_WARN_RANGE_LOOP_ANALYSIS = YES;
				CLANG_WARN_STRICT_PROTOTYPES = YES;
				CLANG_WARN_SUSPICIOUS_MOVE = YES;
				CLANG_WARN_UNGUARDED_AVAILABILITY = YES_AGGRESSIVE;
				CLANG_WARN_UNREACHABLE_CODE = YES;
				CLANG_WARN__DUPLICATE_METHOD_MATCH = YES;
				COPY_PHASE_STRIP = NO;
				DEBUG_INFORMATION_FORMAT = dwarf;
				ENABLE_STRICT_OBJC_MSGSEND = YES;
				ENABLE_TESTABILITY = YES;
				GCC_C_LANGUAGE_STANDARD = gnu11;
				GCC_DYNAMIC_NO_PIC = NO;
				GCC_NO_COMMON_BLOCKS = YES;
				GCC_OPTIMIZATION_LEVEL = 0;
				GCC_PREPROCESSOR_DEFINITIONS = (
					"DEBUG=1",
					"$(inherited)",
				);
				GCC_WARN_64_TO_32_BIT_CONVERSION = YES;
				GCC_WARN_ABOUT_RETURN_TYPE = YES_ERROR;
				GCC_WARN_UNDECLARED_SELECTOR = YES;
				GCC_WARN_UNINITIALIZED_AUTOS = YES_AGGRESSIVE;
				GCC_WARN_UNUSED_FUNCTION = YES;
				GCC_WARN_UNUSED_VARIABLE = YES;
				IPHONEOS_DEPLOYMENT_TARGET = 13.4;
				MTL_ENABLE_DEBUG_INFO = INCLUDE_SOURCE;
				MTL_FAST_MATH = YES;
				ONLY_ACTIVE_ARCH = YES;
				SDKROOT = iphoneos;
				SWIFT_ACTIVE_COMPILATION_CONDITIONS = DEBUG;
				SWIFT_OPTIMIZATION_LEVEL = "-Onone";
			};
			name = Debug;
		};
		0578184C243F4B1F00AA5475 /* Release */ = {
			isa = XCBuildConfiguration;
			buildSettings = {
				ALWAYS_SEARCH_USER_PATHS = NO;
				CLANG_ANALYZER_NONNULL = YES;
				CLANG_ANALYZER_NUMBER_OBJECT_CONVERSION = YES_AGGRESSIVE;
				CLANG_CXX_LANGUAGE_STANDARD = "gnu++14";
				CLANG_CXX_LIBRARY = "libc++";
				CLANG_ENABLE_MODULES = YES;
				CLANG_ENABLE_OBJC_ARC = YES;
				CLANG_ENABLE_OBJC_WEAK = YES;
				CLANG_WARN_BLOCK_CAPTURE_AUTORELEASING = YES;
				CLANG_WARN_BOOL_CONVERSION = YES;
				CLANG_WARN_COMMA = YES;
				CLANG_WARN_CONSTANT_CONVERSION = YES;
				CLANG_WARN_DEPRECATED_OBJC_IMPLEMENTATIONS = YES;
				CLANG_WARN_DIRECT_OBJC_ISA_USAGE = YES_ERROR;
				CLANG_WARN_DOCUMENTATION_COMMENTS = YES;
				CLANG_WARN_EMPTY_BODY = YES;
				CLANG_WARN_ENUM_CONVERSION = YES;
				CLANG_WARN_INFINITE_RECURSION = YES;
				CLANG_WARN_INT_CONVERSION = YES;
				CLANG_WARN_NON_LITERAL_NULL_CONVERSION = YES;
				CLANG_WARN_OBJC_IMPLICIT_RETAIN_SELF = YES;
				CLANG_WARN_OBJC_LITERAL_CONVERSION = YES;
				CLANG_WARN_OBJC_ROOT_CLASS = YES_ERROR;
				CLANG_WARN_RANGE_LOOP_ANALYSIS = YES;
				CLANG_WARN_STRICT_PROTOTYPES = YES;
				CLANG_WARN_SUSPICIOUS_MOVE = YES;
				CLANG_WARN_UNGUARDED_AVAILABILITY = YES_AGGRESSIVE;
				CLANG_WARN_UNREACHABLE_CODE = YES;
				CLANG_WARN__DUPLICATE_METHOD_MATCH = YES;
				COPY_PHASE_STRIP = NO;
				DEBUG_INFORMATION_FORMAT = "dwarf-with-dsym";
				ENABLE_NS_ASSERTIONS = NO;
				ENABLE_STRICT_OBJC_MSGSEND = YES;
				GCC_C_LANGUAGE_STANDARD = gnu11;
				GCC_NO_COMMON_BLOCKS = YES;
				GCC_WARN_64_TO_32_BIT_CONVERSION = YES;
				GCC_WARN_ABOUT_RETURN_TYPE = YES_ERROR;
				GCC_WARN_UNDECLARED_SELECTOR = YES;
				GCC_WARN_UNINITIALIZED_AUTOS = YES_AGGRESSIVE;
				GCC_WARN_UNUSED_FUNCTION = YES;
				GCC_WARN_UNUSED_VARIABLE = YES;
				IPHONEOS_DEPLOYMENT_TARGET = 13.4;
				MTL_ENABLE_DEBUG_INFO = NO;
				MTL_FAST_MATH = YES;
				SDKROOT = iphoneos;
				SWIFT_COMPILATION_MODE = wholemodule;
				SWIFT_OPTIMIZATION_LEVEL = "-O";
				VALIDATE_PRODUCT = YES;
			};
			name = Release;
		};
		0578184E243F4B1F00AA5475 /* Debug */ = {
			isa = XCBuildConfiguration;
			buildSettings = {
				ASSETCATALOG_COMPILER_APPICON_NAME = AppIcon;
				CODE_SIGN_STYLE = Automatic;
				DEVELOPMENT_TEAM = 8728Y2F6Z4;
				INFOPLIST_FILE = DelegateExample/Info.plist;
				LD_RUNPATH_SEARCH_PATHS = (
					"$(inherited)",
					"@executable_path/Frameworks",
				);
				PRODUCT_BUNDLE_IDENTIFIER = com.TymonGolebaFrygies.DelegateExample;
				PRODUCT_NAME = "$(TARGET_NAME)";
				SWIFT_VERSION = 5.0;
				TARGETED_DEVICE_FAMILY = "1,2";
			};
			name = Debug;
		};
		0578184F243F4B1F00AA5475 /* Release */ = {
			isa = XCBuildConfiguration;
			buildSettings = {
				ASSETCATALOG_COMPILER_APPICON_NAME = AppIcon;
				CODE_SIGN_STYLE = Automatic;
				DEVELOPMENT_TEAM = 8728Y2F6Z4;
				INFOPLIST_FILE = DelegateExample/Info.plist;
				LD_RUNPATH_SEARCH_PATHS = (
					"$(inherited)",
					"@executable_path/Frameworks",
				);
				PRODUCT_BUNDLE_IDENTIFIER = com.TymonGolebaFrygies.DelegateExample;
				PRODUCT_NAME = "$(TARGET_NAME)";
				SWIFT_VERSION = 5.0;
				TARGETED_DEVICE_FAMILY = "1,2";
			};
			name = Release;
		};
/* End XCBuildConfiguration section */

/* Begin XCConfigurationList section */
		05781831243F4B1E00AA5475 /* Build configuration list for PBXProject "DelegateExample" */ = {
			isa = XCConfigurationList;
			buildConfigurations = (
				0578184B243F4B1F00AA5475 /* Debug */,
				0578184C243F4B1F00AA5475 /* Release */,
			);
			defaultConfigurationIsVisible = 0;
			defaultConfigurationName = Release;
		};
		0578184D243F4B1F00AA5475 /* Build configuration list for PBXNativeTarget "DelegateExample" */ = {
			isa = XCConfigurationList;
			buildConfigurations = (
				0578184E243F4B1F00AA5475 /* Debug */,
				0578184F243F4B1F00AA5475 /* Release */,
			);
			defaultConfigurationIsVisible = 0;
			defaultConfigurationName = Release;
		};
/* End XCConfigurationList section */

/* Begin XCVersionGroup section */
		05781842243F4B1E00AA5475 /* DelegateExample.xcdatamodeld */ = {
			isa = XCVersionGroup;
			children = (
				05781843243F4B1E00AA5475 /* DelegateExample.xcdatamodel */,
			);
			currentVersion = 05781843243F4B1E00AA5475 /* DelegateExample.xcdatamodel */;
			path = DelegateExample.xcdatamodeld;
			sourceTree = "<group>";
			versionGroupType = wrapper.xcdatamodel;
		};
/* End XCVersionGroup section */
	};
	rootObject = 0578182E243F4B1E00AA5475 /* Project object */;
}
